// !$*UTF8*$!
{
	archiveVersion = 1;
	classes = {
	};
	objectVersion = 46;
	objects = {

/* Begin PBXBuildFile section */
		955A70B61CDD068900387F77 /* AppDelegate.swift in Sources */ = {isa = PBXBuildFile; fileRef = 955A70B51CDD068900387F77 /* AppDelegate.swift */; };
		955A70B81CDD068900387F77 /* ViewController.swift in Sources */ = {isa = PBXBuildFile; fileRef = 955A70B71CDD068900387F77 /* ViewController.swift */; };
		955A70BB1CDD068A00387F77 /* Main.storyboard in Resources */ = {isa = PBXBuildFile; fileRef = 955A70B91CDD068A00387F77 /* Main.storyboard */; };
		955A70BD1CDD068A00387F77 /* Images.xcassets in Resources */ = {isa = PBXBuildFile; fileRef = 955A70BC1CDD068A00387F77 /* Images.xcassets */; };
		955A70D01CDD0A7900387F77 /* MSVSimpleWebCrawlerSpiderCurrentInfo.swift in Sources */ = {isa = PBXBuildFile; fileRef = 955A70C71CDD0A7900387F77 /* MSVSimpleWebCrawlerSpiderCurrentInfo.swift */; };
		955A70D11CDD0A7900387F77 /* MSVSimpleWebCrawlerSpiderDone.swift in Sources */ = {isa = PBXBuildFile; fileRef = 955A70C81CDD0A7900387F77 /* MSVSimpleWebCrawlerSpiderDone.swift */; };
		955A70D21CDD0A7900387F77 /* MSVSimpleWebCrawlerSpiderItem.swift in Sources */ = {isa = PBXBuildFile; fileRef = 955A70C91CDD0A7900387F77 /* MSVSimpleWebCrawlerSpiderItem.swift */; };
		955A70D31CDD0A7900387F77 /* MSVSimpleWebCrawlerSpiderLevel.swift in Sources */ = {isa = PBXBuildFile; fileRef = 955A70CA1CDD0A7900387F77 /* MSVSimpleWebCrawlerSpiderLevel.swift */; };
		955A70D41CDD0A7900387F77 /* MSVSimpleWebCrawlerSpiderLevelManager.swift in Sources */ = {isa = PBXBuildFile; fileRef = 955A70CB1CDD0A7900387F77 /* MSVSimpleWebCrawlerSpiderLevelManager.swift */; };
		955A70D51CDD0A7900387F77 /* MSVSimpleWebCrawlerSpiderLoader.swift in Sources */ = {isa = PBXBuildFile; fileRef = 955A70CC1CDD0A7900387F77 /* MSVSimpleWebCrawlerSpiderLoader.swift */; };
		955A70D61CDD0A7900387F77 /* MSVSimpleWebCrawlerSpiderModel.swift in Sources */ = {isa = PBXBuildFile; fileRef = 955A70CD1CDD0A7900387F77 /* MSVSimpleWebCrawlerSpiderModel.swift */; };
		955A70D71CDD0A7900387F77 /* MSVSimpleWebCrawlerSpiderSearchSettings.swift in Sources */ = {isa = PBXBuildFile; fileRef = 955A70CE1CDD0A7900387F77 /* MSVSimpleWebCrawlerSpiderSearchSettings.swift */; };
		955A70D81CDD0A7900387F77 /* MSVTextFieldPad.swift in Sources */ = {isa = PBXBuildFile; fileRef = 955A70CF1CDD0A7900387F77 /* MSVTextFieldPad.swift */; };
		955A70DB1CDD0B5700387F77 /* LaunchScreen.xib in Resources */ = {isa = PBXBuildFile; fileRef = 955A70D91CDD0B5700387F77 /* LaunchScreen.xib */; };
/* End PBXBuildFile section */

/* Begin PBXFileReference section */
		955A70B21CDD068900387F77 /* iOSSimpleWebCrawlerSpider-swift.app */ = {isa = PBXFileReference; explicitFileType = wrapper.application; includeInIndex = 0; path = "iOSSimpleWebCrawlerSpider-swift.app"; sourceTree = BUILT_PRODUCTS_DIR; };
		955A70B51CDD068900387F77 /* AppDelegate.swift */ = {isa = PBXFileReference; lastKnownFileType = sourcecode.swift; path = AppDelegate.swift; sourceTree = "<group>"; };
		955A70B71CDD068900387F77 /* ViewController.swift */ = {isa = PBXFileReference; lastKnownFileType = sourcecode.swift; path = ViewController.swift; sourceTree = "<group>"; };
		955A70BA1CDD068A00387F77 /* Base */ = {isa = PBXFileReference; lastKnownFileType = file.storyboard; name = Base; path = Base.lproj/Main.storyboard; sourceTree = "<group>"; };
		955A70BC1CDD068A00387F77 /* Images.xcassets */ = {isa = PBXFileReference; lastKnownFileType = folder.assetcatalog; path = Images.xcassets; sourceTree = "<group>"; };
		955A70C11CDD068A00387F77 /* Info.plist */ = {isa = PBXFileReference; lastKnownFileType = text.plist.xml; path = Info.plist; sourceTree = "<group>"; };
		955A70C71CDD0A7900387F77 /* MSVSimpleWebCrawlerSpiderCurrentInfo.swift */ = {isa = PBXFileReference; fileEncoding = 4; lastKnownFileType = sourcecode.swift; path = MSVSimpleWebCrawlerSpiderCurrentInfo.swift; sourceTree = "<group>"; };
		955A70C81CDD0A7900387F77 /* MSVSimpleWebCrawlerSpiderDone.swift */ = {isa = PBXFileReference; fileEncoding = 4; lastKnownFileType = sourcecode.swift; path = MSVSimpleWebCrawlerSpiderDone.swift; sourceTree = "<group>"; };
		955A70C91CDD0A7900387F77 /* MSVSimpleWebCrawlerSpiderItem.swift */ = {isa = PBXFileReference; fileEncoding = 4; lastKnownFileType = sourcecode.swift; path = MSVSimpleWebCrawlerSpiderItem.swift; sourceTree = "<group>"; };
		955A70CA1CDD0A7900387F77 /* MSVSimpleWebCrawlerSpiderLevel.swift */ = {isa = PBXFileReference; fileEncoding = 4; lastKnownFileType = sourcecode.swift; path = MSVSimpleWebCrawlerSpiderLevel.swift; sourceTree = "<group>"; };
		955A70CB1CDD0A7900387F77 /* MSVSimpleWebCrawlerSpiderLevelManager.swift */ = {isa = PBXFileReference; fileEncoding = 4; lastKnownFileType = sourcecode.swift; path = MSVSimpleWebCrawlerSpiderLevelManager.swift; sourceTree = "<group>"; };
		955A70CC1CDD0A7900387F77 /* MSVSimpleWebCrawlerSpiderLoader.swift */ = {isa = PBXFileReference; fileEncoding = 4; lastKnownFileType = sourcecode.swift; path = MSVSimpleWebCrawlerSpiderLoader.swift; sourceTree = "<group>"; };
		955A70CD1CDD0A7900387F77 /* MSVSimpleWebCrawlerSpiderModel.swift */ = {isa = PBXFileReference; fileEncoding = 4; lastKnownFileType = sourcecode.swift; path = MSVSimpleWebCrawlerSpiderModel.swift; sourceTree = "<group>"; };
		955A70CE1CDD0A7900387F77 /* MSVSimpleWebCrawlerSpiderSearchSettings.swift */ = {isa = PBXFileReference; fileEncoding = 4; lastKnownFileType = sourcecode.swift; path = MSVSimpleWebCrawlerSpiderSearchSettings.swift; sourceTree = "<group>"; };
		955A70CF1CDD0A7900387F77 /* MSVTextFieldPad.swift */ = {isa = PBXFileReference; fileEncoding = 4; lastKnownFileType = sourcecode.swift; path = MSVTextFieldPad.swift; sourceTree = "<group>"; };
		955A70DA1CDD0B5700387F77 /* Base */ = {isa = PBXFileReference; lastKnownFileType = file.xib; name = Base; path = Base.lproj/LaunchScreen.xib; sourceTree = "<group>"; };
/* End PBXFileReference section */

/* Begin PBXFrameworksBuildPhase section */
		955A70AF1CDD068900387F77 /* Frameworks */ = {
			isa = PBXFrameworksBuildPhase;
			buildActionMask = 2147483647;
			files = (
			);
			runOnlyForDeploymentPostprocessing = 0;
		};
/* End PBXFrameworksBuildPhase section */

/* Begin PBXGroup section */
		955A70A91CDD068900387F77 = {
			isa = PBXGroup;
			children = (
				955A70B41CDD068900387F77 /* iOSSimpleWebCrawlerSpider-swift */,
				955A70B31CDD068900387F77 /* Products */,
			);
			sourceTree = "<group>";
		};
		955A70B31CDD068900387F77 /* Products */ = {
			isa = PBXGroup;
			children = (
				955A70B21CDD068900387F77 /* iOSSimpleWebCrawlerSpider-swift.app */,
			);
			name = Products;
			sourceTree = "<group>";
		};
		955A70B41CDD068900387F77 /* iOSSimpleWebCrawlerSpider-swift */ = {
			isa = PBXGroup;
			children = (
				955A70B51CDD068900387F77 /* AppDelegate.swift */,
				955A70B71CDD068900387F77 /* ViewController.swift */,
				955A70CF1CDD0A7900387F77 /* MSVTextFieldPad.swift */,
				955A70CD1CDD0A7900387F77 /* MSVSimpleWebCrawlerSpiderModel.swift */,
				955A70C91CDD0A7900387F77 /* MSVSimpleWebCrawlerSpiderItem.swift */,
				955A70C71CDD0A7900387F77 /* MSVSimpleWebCrawlerSpiderCurrentInfo.swift */,
				955A70CE1CDD0A7900387F77 /* MSVSimpleWebCrawlerSpiderSearchSettings.swift */,
				955A70CB1CDD0A7900387F77 /* MSVSimpleWebCrawlerSpiderLevelManager.swift */,
				955A70CA1CDD0A7900387F77 /* MSVSimpleWebCrawlerSpiderLevel.swift */,
				955A70C81CDD0A7900387F77 /* MSVSimpleWebCrawlerSpiderDone.swift */,
				955A70CC1CDD0A7900387F77 /* MSVSimpleWebCrawlerSpiderLoader.swift */,
				955A70B91CDD068A00387F77 /* Main.storyboard */,
				955A70BC1CDD068A00387F77 /* Images.xcassets */,
				955A70C11CDD068A00387F77 /* Info.plist */,
				955A70D91CDD0B5700387F77 /* LaunchScreen.xib */,
			);
			path = "iOSSimpleWebCrawlerSpider-swift";
			sourceTree = "<group>";
		};
/* End PBXGroup section */

/* Begin PBXNativeTarget section */
		955A70B11CDD068900387F77 /* iOSSimpleWebCrawlerSpider-swift */ = {
			isa = PBXNativeTarget;
			buildConfigurationList = 955A70C41CDD068A00387F77 /* Build configuration list for PBXNativeTarget "iOSSimpleWebCrawlerSpider-swift" */;
			buildPhases = (
				955A70AE1CDD068900387F77 /* Sources */,
				955A70AF1CDD068900387F77 /* Frameworks */,
				955A70B01CDD068900387F77 /* Resources */,
			);
			buildRules = (
			);
			dependencies = (
			);
			name = "iOSSimpleWebCrawlerSpider-swift";
			productName = "iOSSimpleWebCrawlerSpider-swift";
			productReference = 955A70B21CDD068900387F77 /* iOSSimpleWebCrawlerSpider-swift.app */;
			productType = "com.apple.product-type.application";
		};
/* End PBXNativeTarget section */

/* Begin PBXProject section */
		955A70AA1CDD068900387F77 /* Project object */ = {
			isa = PBXProject;
			attributes = {
				LastSwiftUpdateCheck = 0730;
				LastUpgradeCheck = 0730;
				ORGANIZATIONNAME = "Serge Moskalenko";
				TargetAttributes = {
					955A70B11CDD068900387F77 = {
						CreatedOnToolsVersion = 7.3;
					};
				};
			};
			buildConfigurationList = 955A70AD1CDD068900387F77 /* Build configuration list for PBXProject "iOSSimpleWebCrawlerSpider-swift" */;
			compatibilityVersion = "Xcode 3.2";
			developmentRegion = English;
			hasScannedForEncodings = 0;
			knownRegions = (
				en,
				Base,
			);
			mainGroup = 955A70A91CDD068900387F77;
			productRefGroup = 955A70B31CDD068900387F77 /* Products */;
			projectDirPath = "";
			projectRoot = "";
			targets = (
				955A70B11CDD068900387F77 /* iOSSimpleWebCrawlerSpider-swift */,
			);
		};
/* End PBXProject section */

/* Begin PBXResourcesBuildPhase section */
		955A70B01CDD068900387F77 /* Resources */ = {
			isa = PBXResourcesBuildPhase;
			buildActionMask = 2147483647;
			files = (
				955A70BD1CDD068A00387F77 /* Images.xcassets in Resources */,
				955A70DB1CDD0B5700387F77 /* LaunchScreen.xib in Resources */,
				955A70BB1CDD068A00387F77 /* Main.storyboard in Resources */,
			);
			runOnlyForDeploymentPostprocessing = 0;
		};
/* End PBXResourcesBuildPhase section */

/* Begin PBXSourcesBuildPhase section */
		955A70AE1CDD068900387F77 /* Sources */ = {
			isa = PBXSourcesBuildPhase;
			buildActionMask = 2147483647;
			files = (
				955A70D01CDD0A7900387F77 /* MSVSimpleWebCrawlerSpiderCurrentInfo.swift in Sources */,
				955A70D61CDD0A7900387F77 /* MSVSimpleWebCrawlerSpiderModel.swift in Sources */,
				955A70D41CDD0A7900387F77 /* MSVSimpleWebCrawlerSpiderLevelManager.swift in Sources */,
				955A70D21CDD0A7900387F77 /* MSVSimpleWebCrawlerSpiderItem.swift in Sources */,
				955A70D11CDD0A7900387F77 /* MSVSimpleWebCrawlerSpiderDone.swift in Sources */,
				955A70D81CDD0A7900387F77 /* MSVTextFieldPad.swift in Sources */,
				955A70D51CDD0A7900387F77 /* MSVSimpleWebCrawlerSpiderLoader.swift in Sources */,
				955A70B81CDD068900387F77 /* ViewController.swift in Sources */,
				955A70D31CDD0A7900387F77 /* MSVSimpleWebCrawlerSpiderLevel.swift in Sources */,
				955A70B61CDD068900387F77 /* AppDelegate.swift in Sources */,
				955A70D71CDD0A7900387F77 /* MSVSimpleWebCrawlerSpiderSearchSettings.swift in Sources */,
			);
			runOnlyForDeploymentPostprocessing = 0;
		};
/* End PBXSourcesBuildPhase section */

/* Begin PBXVariantGroup section */
		955A70B91CDD068A00387F77 /* Main.storyboard */ = {
			isa = PBXVariantGroup;
			children = (
				955A70BA1CDD068A00387F77 /* Base */,
			);
			name = Main.storyboard;
			sourceTree = "<group>";
		};
		955A70D91CDD0B5700387F77 /* LaunchScreen.xib */ = {
			isa = PBXVariantGroup;
			children = (
				955A70DA1CDD0B5700387F77 /* Base */,
			);
			name = LaunchScreen.xib;
			sourceTree = "<group>";
		};
/* End PBXVariantGroup section */

/* Begin XCBuildConfiguration section */
		955A70C21CDD068A00387F77 /* Debug */ = {
			isa = XCBuildConfiguration;
			buildSettings = {
				ALWAYS_SEARCH_USER_PATHS = NO;
				CLANG_ANALYZER_NONNULL = YES;
				CLANG_CXX_LANGUAGE_STANDARD = "gnu++0x";
				CLANG_CXX_LIBRARY = "libc++";
				CLANG_ENABLE_MODULES = YES;
				CLANG_ENABLE_OBJC_ARC = YES;
				CLANG_WARN_BOOL_CONVERSION = YES;
				CLANG_WARN_CONSTANT_CONVERSION = YES;
				CLANG_WARN_DIRECT_OBJC_ISA_USAGE = YES_ERROR;
				CLANG_WARN_EMPTY_BODY = YES;
				CLANG_WARN_ENUM_CONVERSION = YES;
				CLANG_WARN_INT_CONVERSION = YES;
				CLANG_WARN_OBJC_ROOT_CLASS = YES_ERROR;
				CLANG_WARN_UNREACHABLE_CODE = YES;
				CLANG_WARN__DUPLICATE_METHOD_MATCH = YES;
				"CODE_SIGN_IDENTITY[sdk=iphoneos*]" = "iPhone Developer";
				COPY_PHASE_STRIP = NO;
				DEBUG_INFORMATION_FORMAT = dwarf;
				ENABLE_STRICT_OBJC_MSGSEND = YES;
				ENABLE_TESTABILITY = YES;
				GCC_C_LANGUAGE_STANDARD = gnu99;
				GCC_DYNAMIC_NO_PIC = NO;
				GCC_NO_COMMON_BLOCKS = YES;
				GCC_OPTIMIZATION_LEVEL = 0;
				GCC_PREPROCESSOR_DEFINITIONS = (
					"DEBUG=1",
					"$(inherited)",
				);
				GCC_WARN_64_TO_32_BIT_CONVERSION = YES;
				GCC_WARN_ABOUT_RETURN_TYPE = YES_ERROR;
				GCC_WARN_UNDECLARED_SELECTOR = YES;
				GCC_WARN_UNINITIALIZED_AUTOS = YES_AGGRESSIVE;
				GCC_WARN_UNUSED_FUNCTION = YES;
				GCC_WARN_UNUSED_VARIABLE = YES;
				IPHONEOS_DEPLOYMENT_TARGET = 9.3;
				MTL_ENABLE_DEBUG_INFO = YES;
				ONLY_ACTIVE_ARCH = YES;
				SDKROOT = iphoneos;
				SWIFT_OPTIMIZATION_LEVEL = "-Onone";
				TARGETED_DEVICE_FAMILY = "1,2";
			};
			name = Debug;
		};
		955A70C31CDD068A00387F77 /* Release */ = {
			isa = XCBuildConfiguration;
			buildSettings = {
				ALWAYS_SEARCH_USER_PATHS = NO;
				CLANG_ANALYZER_NONNULL = YES;
				CLANG_CXX_LANGUAGE_STANDARD = "gnu++0x";
				CLANG_CXX_LIBRARY = "libc++";
				CLANG_ENABLE_MODULES = YES;
				CLANG_ENABLE_OBJC_ARC = YES;
				CLANG_WARN_BOOL_CONVERSION = YES;
				CLANG_WARN_CONSTANT_CONVERSION = YES;
				CLANG_WARN_DIRECT_OBJC_ISA_USAGE = YES_ERROR;
				CLANG_WARN_EMPTY_BODY = YES;
				CLANG_WARN_ENUM_CONVERSION = YES;
				CLANG_WARN_INT_CONVERSION = YES;
				CLANG_WARN_OBJC_ROOT_CLASS = YES_ERROR;
				CLANG_WARN_UNREACHABLE_CODE = YES;
				CLANG_WARN__DUPLICATE_METHOD_MATCH = YES;
				"CODE_SIGN_IDENTITY[sdk=iphoneos*]" = "iPhone Developer";
				COPY_PHASE_STRIP = NO;
				DEBUG_INFORMATION_FORMAT = "dwarf-with-dsym";
				ENABLE_NS_ASSERTIONS = NO;
				ENABLE_STRICT_OBJC_MSGSEND = YES;
				GCC_C_LANGUAGE_STANDARD = gnu99;
				GCC_NO_COMMON_BLOCKS = YES;
				GCC_WARN_64_TO_32_BIT_CONVERSION = YES;
				GCC_WARN_ABOUT_RETURN_TYPE = YES_ERROR;
				GCC_WARN_UNDECLARED_SELECTOR = YES;
				GCC_WARN_UNINITIALIZED_AUTOS = YES_AGGRESSIVE;
				GCC_WARN_UNUSED_FUNCTION = YES;
				GCC_WARN_UNUSED_VARIABLE = YES;
				IPHONEOS_DEPLOYMENT_TARGET = 9.3;
				MTL_ENABLE_DEBUG_INFO = NO;
				SDKROOT = iphoneos;
				TARGETED_DEVICE_FAMILY = "1,2";
				VALIDATE_PRODUCT = YES;
			};
			name = Release;
		};
		955A70C51CDD068A00387F77 /* Debug */ = {
			isa = XCBuildConfiguration;
			buildSettings = {
				ASSETCATALOG_COMPILER_APPICON_NAME = AppIcon;
				INFOPLIST_FILE = "iOSSimpleWebCrawlerSpider-swift/Info.plist";
				LD_RUNPATH_SEARCH_PATHS = "$(inherited) @executable_path/Frameworks";
				PRODUCT_BUNDLE_IDENTIFIER = "MSV.iOSSimpleWebCrawlerSpider-swift";
				PRODUCT_NAME = "$(TARGET_NAME)";
			};
			name = Debug;
		};
		955A70C61CDD068A00387F77 /* Release */ = {
			isa = XCBuildConfiguration;
			buildSettings = {
				ASSETCATALOG_COMPILER_APPICON_NAME = AppIcon;
				INFOPLIST_FILE = "iOSSimpleWebCrawlerSpider-swift/Info.plist";
				LD_RUNPATH_SEARCH_PATHS = "$(inherited) @executable_path/Frameworks";
				PRODUCT_BUNDLE_IDENTIFIER = "MSV.iOSSimpleWebCrawlerSpider-swift";
				PRODUCT_NAME = "$(TARGET_NAME)";
			};
			name = Release;
		};
/* End XCBuildConfiguration section */

/* Begin XCConfigurationList section */
		955A70AD1CDD068900387F77 /* Build configuration list for PBXProject "iOSSimpleWebCrawlerSpider-swift" */ = {
			isa = XCConfigurationList;
			buildConfigurations = (
				955A70C21CDD068A00387F77 /* Debug */,
				955A70C31CDD068A00387F77 /* Release */,
			);
			defaultConfigurationIsVisible = 0;
			defaultConfigurationName = Release;
		};
		955A70C41CDD068A00387F77 /* Build configuration list for PBXNativeTarget "iOSSimpleWebCrawlerSpider-swift" */ = {
			isa = XCConfigurationList;
			buildConfigurations = (
				955A70C51CDD068A00387F77 /* Debug */,
				955A70C61CDD068A00387F77 /* Release */,
			);
			defaultConfigurationIsVisible = 0;
			defaultConfigurationName = Release;
		};
/* End XCConfigurationList section */
	};
	rootObject = 955A70AA1CDD068900387F77 /* Project object */;
}
